
Microsoft Visual Studio Solution File, Format Version 12.00
# Visual Studio Version 16
VisualStudioVersion = 16.0.31515.178
MinimumVisualStudioVersion = 10.0.40219.1
Project("{FAE04EC0-301F-11D3-BF4B-00C04F79EFBC}") = "WeatherApp", "WeatherApp\WeatherApp\WeatherApp.csproj", "{FA2FC60F-48AE-45FA-B089-57E42BBD1FBF}"
EndProject
Project("{FAE04EC0-301F-11D3-BF4B-00C04F79EFBC}") = "WeatherApp.Android", "WeatherApp\WeatherApp.Android\WeatherApp.Android.csproj", "{5E061FBE-3D0E-4D63-A6F1-E9D8D9EE1F2E}"
EndProject
Project("{FAE04EC0-301F-11D3-BF4B-00C04F79EFBC}") = "WeatherApp.iOS", "WeatherApp\WeatherApp.iOS\WeatherApp.iOS.csproj", "{36650E22-E089-46A5-B3EA-5F81E3474462}"
EndProject
Global
	GlobalSection(SolutionConfigurationPlatforms) = preSolution
		Ad-Hoc|Any CPU = Ad-Hoc|Any CPU
		Ad-Hoc|iPhone = Ad-Hoc|iPhone
		Ad-Hoc|iPhoneSimulator = Ad-Hoc|iPhoneSimulator
		AppStore|Any CPU = AppStore|Any CPU
		AppStore|iPhone = AppStore|iPhone
		AppStore|iPhoneSimulator = AppStore|iPhoneSimulator
		Debug|Any CPU = Debug|Any CPU
		Debug|iPhone = Debug|iPhone
		Debug|iPhoneSimulator = Debug|iPhoneSimulator
		Release|Any CPU = Release|Any CPU
		Release|iPhone = Release|iPhone
		Release|iPhoneSimulator = Release|iPhoneSimulator
	EndGlobalSection
	GlobalSection(ProjectConfigurationPlatforms) = postSolution
		{FA2FC60F-48AE-45FA-B089-57E42BBD1FBF}.Ad-Hoc|Any CPU.ActiveCfg = Debug|Any CPU
		{FA2FC60F-48AE-45FA-B089-57E42BBD1FBF}.Ad-Hoc|Any CPU.Build.0 = Debug|Any CPU
		{FA2FC60F-48AE-45FA-B089-57E42BBD1FBF}.Ad-Hoc|iPhone.ActiveCfg = Debug|Any CPU
		{FA2FC60F-48AE-45FA-B089-57E42BBD1FBF}.Ad-Hoc|iPhone.Build.0 = Debug|Any CPU
		{FA2FC60F-48AE-45FA-B089-57E42BBD1FBF}.Ad-Hoc|iPhoneSimulator.ActiveCfg = Debug|Any CPU
		{FA2FC60F-48AE-45FA-B089-57E42BBD1FBF}.Ad-Hoc|iPhoneSimulator.Build.0 = Debug|Any CPU
		{FA2FC60F-48AE-45FA-B089-57E42BBD1FBF}.AppStore|Any CPU.ActiveCfg = Debug|Any CPU
		{FA2FC60F-48AE-45FA-B089-57E42BBD1FBF}.AppStore|Any CPU.Build.0 = Debug|Any CPU
		{FA2FC60F-48AE-45FA-B089-57E42BBD1FBF}.AppStore|iPhone.ActiveCfg = Debug|Any CPU
		{FA2FC60F-48AE-45FA-B089-57E42BBD1FBF}.AppStore|iPhone.Build.0 = Debug|Any CPU
		{FA2FC60F-48AE-45FA-B089-57E42BBD1FBF}.AppStore|iPhoneSimulator.ActiveCfg = Debug|Any CPU
		{FA2FC60F-48AE-45FA-B089-57E42BBD1FBF}.AppStore|iPhoneSimulator.Build.0 = Debug|Any CPU
		{FA2FC60F-48AE-45FA-B089-57E42BBD1FBF}.Debug|Any CPU.ActiveCfg = Debug|Any CPU
		{FA2FC60F-48AE-45FA-B089-57E42BBD1FBF}.Debug|Any CPU.Build.0 = Debug|Any CPU
		{FA2FC60F-48AE-45FA-B089-57E42BBD1FBF}.Debug|iPhone.ActiveCfg = Debug|Any CPU
		{FA2FC60F-48AE-45FA-B089-57E42BBD1FBF}.Debug|iPhone.Build.0 = Debug|Any CPU
		{FA2FC60F-48AE-45FA-B089-57E42BBD1FBF}.Debug|iPhoneSimulator.ActiveCfg = Debug|Any CPU
		{FA2FC60F-48AE-45FA-B089-57E42BBD1FBF}.Debug|iPhoneSimulator.Build.0 = Debug|Any CPU
		{FA2FC60F-48AE-45FA-B089-57E42BBD1FBF}.Release|Any CPU.ActiveCfg = Release|Any CPU
		{FA2FC60F-48AE-45FA-B089-57E42BBD1FBF}.Release|Any CPU.Build.0 = Release|Any CPU
		{FA2FC60F-48AE-45FA-B089-57E42BBD1FBF}.Release|iPhone.ActiveCfg = Release|Any CPU
		{FA2FC60F-48AE-45FA-B089-57E42BBD1FBF}.Release|iPhone.Build.0 = Release|Any CPU
		{FA2FC60F-48AE-45FA-B089-57E42BBD1FBF}.Release|iPhoneSimulator.ActiveCfg = Release|Any CPU
		{FA2FC60F-48AE-45FA-B089-57E42BBD1FBF}.Release|iPhoneSimulator.Build.0 = Release|Any CPU
		{5E061FBE-3D0E-4D63-A6F1-E9D8D9EE1F2E}.Ad-Hoc|Any CPU.ActiveCfg = Debug|Any CPU
		{5E061FBE-3D0E-4D63-A6F1-E9D8D9EE1F2E}.Ad-Hoc|Any CPU.Build.0 = Debug|Any CPU
		{5E061FBE-3D0E-4D63-A6F1-E9D8D9EE1F2E}.Ad-Hoc|Any CPU.Deploy.0 = Debug|Any CPU
		{5E061FBE-3D0E-4D63-A6F1-E9D8D9EE1F2E}.Ad-Hoc|iPhone.ActiveCfg = Debug|Any CPU
		{5E061FBE-3D0E-4D63-A6F1-E9D8D9EE1F2E}.Ad-Hoc|iPhone.Build.0 = Debug|Any CPU
		{5E061FBE-3D0E-4D63-A6F1-E9D8D9EE1F2E}.Ad-Hoc|iPhone.Deploy.0 = Debug|Any CPU
		{5E061FBE-3D0E-4D63-A6F1-E9D8D9EE1F2E}.Ad-Hoc|iPhoneSimulator.ActiveCfg = Debug|Any CPU
		{5E061FBE-3D0E-4D63-A6F1-E9D8D9EE1F2E}.Ad-Hoc|iPhoneSimulator.Build.0 = Debug|Any CPU
		{5E061FBE-3D0E-4D63-A6F1-E9D8D9EE1F2E}.Ad-Hoc|iPhoneSimulator.Deploy.0 = Debug|Any CPU
		{5E061FBE-3D0E-4D63-A6F1-E9D8D9EE1F2E}.AppStore|Any CPU.ActiveCfg = Debug|Any CPU
		{5E061FBE-3D0E-4D63-A6F1-E9D8D9EE1F2E}.AppStore|Any CPU.Build.0 = Debug|Any CPU
		{5E061FBE-3D0E-4D63-A6F1-E9D8D9EE1F2E}.AppStore|Any CPU.Deploy.0 = Debug|Any CPU
		{5E061FBE-3D0E-4D63-A6F1-E9D8D9EE1F2E}.AppStore|iPhone.ActiveCfg = Debug|Any CPU
		{5E061FBE-3D0E-4D63-A6F1-E9D8D9EE1F2E}.AppStore|iPhone.Build.0 = Debug|Any CPU
		{5E061FBE-3D0E-4D63-A6F1-E9D8D9EE1F2E}.AppStore|iPhone.Deploy.0 = Debug|Any CPU
		{5E061FBE-3D0E-4D63-A6F1-E9D8D9EE1F2E}.AppStore|iPhoneSimulator.ActiveCfg = Debug|Any CPU
		{5E061FBE-3D0E-4D63-A6F1-E9D8D9EE1F2E}.AppStore|iPhoneSimulator.Build.0 = Debug|Any CPU
		{5E061FBE-3D0E-4D63-A6F1-E9D8D9EE1F2E}.AppStore|iPhoneSimulator.Deploy.0 = Debug|Any CPU
		{5E061FBE-3D0E-4D63-A6F1-E9D8D9EE1F2E}.Debug|Any CPU.ActiveCfg = Debug|Any CPU
		{5E061FBE-3D0E-4D63-A6F1-E9D8D9EE1F2E}.Debug|Any CPU.Build.0 = Debug|Any CPU
		{5E061FBE-3D0E-4D63-A6F1-E9D8D9EE1F2E}.Debug|Any CPU.Deploy.0 = Debug|Any CPU
		{5E061FBE-3D0E-4D63-A6F1-E9D8D9EE1F2E}.Debug|iPhone.ActiveCfg = Debug|Any CPU
		{5E061FBE-3D0E-4D63-A6F1-E9D8D9EE1F2E}.Debug|iPhone.Build.0 = Debug|Any CPU
		{5E061FBE-3D0E-4D63-A6F1-E9D8D9EE1F2E}.Debug|iPhone.Deploy.0 = Debug|Any CPU
		{5E061FBE-3D0E-4D63-A6F1-E9D8D9EE1F2E}.Debug|iPhoneSimulator.ActiveCfg = Debug|Any CPU
		{5E061FBE-3D0E-4D63-A6F1-E9D8D9EE1F2E}.Debug|iPhoneSimulator.Build.0 = Debug|Any CPU
		{5E061FBE-3D0E-4D63-A6F1-E9D8D9EE1F2E}.Debug|iPhoneSimulator.Deploy.0 = Debug|Any CPU
		{5E061FBE-3D0E-4D63-A6F1-E9D8D9EE1F2E}.Release|Any CPU.ActiveCfg = Release|Any CPU
		{5E061FBE-3D0E-4D63-A6F1-E9D8D9EE1F2E}.Release|Any CPU.Build.0 = Release|Any CPU
		{5E061FBE-3D0E-4D63-A6F1-E9D8D9EE1F2E}.Release|Any CPU.Deploy.0 = Release|Any CPU
		{5E061FBE-3D0E-4D63-A6F1-E9D8D9EE1F2E}.Release|iPhone.ActiveCfg = Release|Any CPU
		{5E061FBE-3D0E-4D63-A6F1-E9D8D9EE1F2E}.Release|iPhone.Build.0 = Release|Any CPU
		{5E061FBE-3D0E-4D63-A6F1-E9D8D9EE1F2E}.Release|iPhone.Deploy.0 = Release|Any CPU
		{5E061FBE-3D0E-4D63-A6F1-E9D8D9EE1F2E}.Release|iPhoneSimulator.ActiveCfg = Release|Any CPU
		{5E061FBE-3D0E-4D63-A6F1-E9D8D9EE1F2E}.Release|iPhoneSimulator.Build.0 = Release|Any CPU
		{5E061FBE-3D0E-4D63-A6F1-E9D8D9EE1F2E}.Release|iPhoneSimulator.Deploy.0 = Release|Any CPU
		{36650E22-E089-46A5-B3EA-5F81E3474462}.Ad-Hoc|Any CPU.ActiveCfg = Ad-Hoc|iPhoneSimulator
		{36650E22-E089-46A5-B3EA-5F81E3474462}.Ad-Hoc|iPhone.ActiveCfg = Ad-Hoc|iPhone
		{36650E22-E089-46A5-B3EA-5F81E3474462}.Ad-Hoc|iPhone.Build.0 = Ad-Hoc|iPhone
		{36650E22-E089-46A5-B3EA-5F81E3474462}.Ad-Hoc|iPhoneSimulator.ActiveCfg = Ad-Hoc|iPhoneSimulator
		{36650E22-E089-46A5-B3EA-5F81E3474462}.Ad-Hoc|iPhoneSimulator.Build.0 = Ad-Hoc|iPhoneSimulator
		{36650E22-E089-46A5-B3EA-5F81E3474462}.AppStore|Any CPU.ActiveCfg = AppStore|iPhoneSimulator
		{36650E22-E089-46A5-B3EA-5F81E3474462}.AppStore|iPhone.ActiveCfg = AppStore|iPhone
		{36650E22-E089-46A5-B3EA-5F81E3474462}.AppStore|iPhone.Build.0 = AppStore|iPhone
		{36650E22-E089-46A5-B3EA-5F81E3474462}.AppStore|iPhoneSimulator.ActiveCfg = AppStore|iPhoneSimulator
		{36650E22-E089-46A5-B3EA-5F81E3474462}.AppStore|iPhoneSimulator.Build.0 = AppStore|iPhoneSimulator
		{36650E22-E089-46A5-B3EA-5F81E3474462}.Debug|Any CPU.ActiveCfg = Debug|iPhoneSimulator
		{36650E22-E089-46A5-B3EA-5F81E3474462}.Debug|iPhone.ActiveCfg = Debug|iPhone
		{36650E22-E089-46A5-B3EA-5F81E3474462}.Debug|iPhone.Build.0 = Debug|iPhone
		{36650E22-E089-46A5-B3EA-5F81E3474462}.Debug|iPhoneSimulator.ActiveCfg = Debug|iPhoneSimulator
		{36650E22-E089-46A5-B3EA-5F81E3474462}.Debug|iPhoneSimulator.Build.0 = Debug|iPhoneSimulator
		{36650E22-E089-46A5-B3EA-5F81E3474462}.Release|Any CPU.ActiveCfg = Release|iPhoneSimulator
		{36650E22-E089-46A5-B3EA-5F81E3474462}.Release|iPhone.ActiveCfg = Release|iPhone
		{36650E22-E089-46A5-B3EA-5F81E3474462}.Release|iPhone.Build.0 = Release|iPhone
		{36650E22-E089-46A5-B3EA-5F81E3474462}.Release|iPhoneSimulator.ActiveCfg = Release|iPhoneSimulator
		{36650E22-E089-46A5-B3EA-5F81E3474462}.Release|iPhoneSimulator.Build.0 = Release|iPhoneSimulator
	EndGlobalSection
	GlobalSection(SolutionProperties) = preSolution
		HideSolutionNode = FALSE
	EndGlobalSection
	GlobalSection(ExtensibilityGlobals) = postSolution
		SolutionGuid = {19D3941C-7676-4D3C-AAE3-355D747F43EB}
	EndGlobalSection
EndGlobal
